
Microsoft Visual Studio Solution File, Format Version 12.00
# Visual Studio 15
VisualStudioVersion = 15.0.26730.16
MinimumVisualStudioVersion = 10.0.40219.1
Project("{FAE04EC0-301F-11D3-BF4B-00C04F79EFBC}") = "App1.Android", "App1\App1.Android\App1.Android.csproj", "{C0796FF5-652D-44EC-A1B1-61A62EF507EA}"
EndProject
Project("{FAE04EC0-301F-11D3-BF4B-00C04F79EFBC}") = "App1", "App1\App1\App1.csproj", "{37C30F84-0F4A-48E1-A617-D3998710E6B5}"
EndProject
Project("{FAE04EC0-301F-11D3-BF4B-00C04F79EFBC}") = "App1.UWP", "App1\App1.UWP\App1.UWP.csproj", "{C87135D0-6BB2-4343-87B5-40C044A1D487}"
EndProject
Project("{FAE04EC0-301F-11D3-BF4B-00C04F79EFBC}") = "App1.iOS", "App1\App1.iOS\App1.iOS.csproj", "{A7BADEF9-44CF-494B-81E8-B0FF88863C99}"
EndProject
Global
	GlobalSection(SolutionConfigurationPlatforms) = preSolution
		Ad-Hoc|Any CPU = Ad-Hoc|Any CPU
		Ad-Hoc|ARM = Ad-Hoc|ARM
		Ad-Hoc|iPhone = Ad-Hoc|iPhone
		Ad-Hoc|iPhoneSimulator = Ad-Hoc|iPhoneSimulator
		Ad-Hoc|x64 = Ad-Hoc|x64
		Ad-Hoc|x86 = Ad-Hoc|x86
		AppStore|Any CPU = AppStore|Any CPU
		AppStore|ARM = AppStore|ARM
		AppStore|iPhone = AppStore|iPhone
		AppStore|iPhoneSimulator = AppStore|iPhoneSimulator
		AppStore|x64 = AppStore|x64
		AppStore|x86 = AppStore|x86
		Debug|Any CPU = Debug|Any CPU
		Debug|ARM = Debug|ARM
		Debug|iPhone = Debug|iPhone
		Debug|iPhoneSimulator = Debug|iPhoneSimulator
		Debug|x64 = Debug|x64
		Debug|x86 = Debug|x86
		Release|Any CPU = Release|Any CPU
		Release|ARM = Release|ARM
		Release|iPhone = Release|iPhone
		Release|iPhoneSimulator = Release|iPhoneSimulator
		Release|x64 = Release|x64
		Release|x86 = Release|x86
	EndGlobalSection
	GlobalSection(ProjectConfigurationPlatforms) = postSolution
		{C0796FF5-652D-44EC-A1B1-61A62EF507EA}.Ad-Hoc|Any CPU.ActiveCfg = Release|Any CPU
		{C0796FF5-652D-44EC-A1B1-61A62EF507EA}.Ad-Hoc|Any CPU.Build.0 = Release|Any CPU
		{C0796FF5-652D-44EC-A1B1-61A62EF507EA}.Ad-Hoc|Any CPU.Deploy.0 = Release|Any CPU
		{C0796FF5-652D-44EC-A1B1-61A62EF507EA}.Ad-Hoc|ARM.ActiveCfg = Release|Any CPU
		{C0796FF5-652D-44EC-A1B1-61A62EF507EA}.Ad-Hoc|ARM.Build.0 = Release|Any CPU
		{C0796FF5-652D-44EC-A1B1-61A62EF507EA}.Ad-Hoc|ARM.Deploy.0 = Release|Any CPU
		{C0796FF5-652D-44EC-A1B1-61A62EF507EA}.Ad-Hoc|iPhone.ActiveCfg = Release|Any CPU
		{C0796FF5-652D-44EC-A1B1-61A62EF507EA}.Ad-Hoc|iPhone.Build.0 = Release|Any CPU
		{C0796FF5-652D-44EC-A1B1-61A62EF507EA}.Ad-Hoc|iPhone.Deploy.0 = Release|Any CPU
		{C0796FF5-652D-44EC-A1B1-61A62EF507EA}.Ad-Hoc|iPhoneSimulator.ActiveCfg = Release|Any CPU
		{C0796FF5-652D-44EC-A1B1-61A62EF507EA}.Ad-Hoc|iPhoneSimulator.Build.0 = Release|Any CPU
		{C0796FF5-652D-44EC-A1B1-61A62EF507EA}.Ad-Hoc|iPhoneSimulator.Deploy.0 = Release|Any CPU
		{C0796FF5-652D-44EC-A1B1-61A62EF507EA}.Ad-Hoc|x64.ActiveCfg = Release|Any CPU
		{C0796FF5-652D-44EC-A1B1-61A62EF507EA}.Ad-Hoc|x64.Build.0 = Release|Any CPU
		{C0796FF5-652D-44EC-A1B1-61A62EF507EA}.Ad-Hoc|x64.Deploy.0 = Release|Any CPU
		{C0796FF5-652D-44EC-A1B1-61A62EF507EA}.Ad-Hoc|x86.ActiveCfg = Release|Any CPU
		{C0796FF5-652D-44EC-A1B1-61A62EF507EA}.Ad-Hoc|x86.Build.0 = Release|Any CPU
		{C0796FF5-652D-44EC-A1B1-61A62EF507EA}.Ad-Hoc|x86.Deploy.0 = Release|Any CPU
		{C0796FF5-652D-44EC-A1B1-61A62EF507EA}.AppStore|Any CPU.ActiveCfg = Release|Any CPU
		{C0796FF5-652D-44EC-A1B1-61A62EF507EA}.AppStore|Any CPU.Build.0 = Release|Any CPU
		{C0796FF5-652D-44EC-A1B1-61A62EF507EA}.AppStore|Any CPU.Deploy.0 = Release|Any CPU
		{C0796FF5-652D-44EC-A1B1-61A62EF507EA}.AppStore|ARM.ActiveCfg = Release|Any CPU
		{C0796FF5-652D-44EC-A1B1-61A62EF507EA}.AppStore|ARM.Build.0 = Release|Any CPU
		{C0796FF5-652D-44EC-A1B1-61A62EF507EA}.AppStore|ARM.Deploy.0 = Release|Any CPU
		{C0796FF5-652D-44EC-A1B1-61A62EF507EA}.AppStore|iPhone.ActiveCfg = Release|Any CPU
		{C0796FF5-652D-44EC-A1B1-61A62EF507EA}.AppStore|iPhone.Build.0 = Release|Any CPU
		{C0796FF5-652D-44EC-A1B1-61A62EF507EA}.AppStore|iPhone.Deploy.0 = Release|Any CPU
		{C0796FF5-652D-44EC-A1B1-61A62EF507EA}.AppStore|iPhoneSimulator.ActiveCfg = Release|Any CPU
		{C0796FF5-652D-44EC-A1B1-61A62EF507EA}.AppStore|iPhoneSimulator.Build.0 = Release|Any CPU
		{C0796FF5-652D-44EC-A1B1-61A62EF507EA}.AppStore|iPhoneSimulator.Deploy.0 = Release|Any CPU
		{C0796FF5-652D-44EC-A1B1-61A62EF507EA}.AppStore|x64.ActiveCfg = Release|Any CPU
		{C0796FF5-652D-44EC-A1B1-61A62EF507EA}.AppStore|x64.Build.0 = Release|Any CPU
		{C0796FF5-652D-44EC-A1B1-61A62EF507EA}.AppStore|x64.Deploy.0 = Release|Any CPU
		{C0796FF5-652D-44EC-A1B1-61A62EF507EA}.AppStore|x86.ActiveCfg = Release|Any CPU
		{C0796FF5-652D-44EC-A1B1-61A62EF507EA}.AppStore|x86.Build.0 = Release|Any CPU
		{C0796FF5-652D-44EC-A1B1-61A62EF507EA}.AppStore|x86.Deploy.0 = Release|Any CPU
		{C0796FF5-652D-44EC-A1B1-61A62EF507EA}.Debug|Any CPU.ActiveCfg = Debug|Any CPU
		{C0796FF5-652D-44EC-A1B1-61A62EF507EA}.Debug|Any CPU.Build.0 = Debug|Any CPU
		{C0796FF5-652D-44EC-A1B1-61A62EF507EA}.Debug|Any CPU.Deploy.0 = Debug|Any CPU
		{C0796FF5-652D-44EC-A1B1-61A62EF507EA}.Debug|ARM.ActiveCfg = Debug|Any CPU
		{C0796FF5-652D-44EC-A1B1-61A62EF507EA}.Debug|ARM.Build.0 = Debug|Any CPU
		{C0796FF5-652D-44EC-A1B1-61A62EF507EA}.Debug|ARM.Deploy.0 = Debug|Any CPU
		{C0796FF5-652D-44EC-A1B1-61A62EF507EA}.Debug|iPhone.ActiveCfg = Debug|Any CPU
		{C0796FF5-652D-44EC-A1B1-61A62EF507EA}.Debug|iPhone.Build.0 = Debug|Any CPU
		{C0796FF5-652D-44EC-A1B1-61A62EF507EA}.Debug|iPhone.Deploy.0 = Debug|Any CPU
		{C0796FF5-652D-44EC-A1B1-61A62EF507EA}.Debug|iPhoneSimulator.ActiveCfg = Debug|Any CPU
		{C0796FF5-652D-44EC-A1B1-61A62EF507EA}.Debug|iPhoneSimulator.Build.0 = Debug|Any CPU
		{C0796FF5-652D-44EC-A1B1-61A62EF507EA}.Debug|iPhoneSimulator.Deploy.0 = Debug|Any CPU
		{C0796FF5-652D-44EC-A1B1-61A62EF507EA}.Debug|x64.ActiveCfg = Debug|Any CPU
		{C0796FF5-652D-44EC-A1B1-61A62EF507EA}.Debug|x64.Build.0 = Debug|Any CPU
		{C0796FF5-652D-44EC-A1B1-61A62EF507EA}.Debug|x64.Deploy.0 = Debug|Any CPU
		{C0796FF5-652D-44EC-A1B1-61A62EF507EA}.Debug|x86.ActiveCfg = Debug|Any CPU
		{C0796FF5-652D-44EC-A1B1-61A62EF507EA}.Debug|x86.Build.0 = Debug|Any CPU
		{C0796FF5-652D-44EC-A1B1-61A62EF507EA}.Debug|x86.Deploy.0 = Debug|Any CPU
		{C0796FF5-652D-44EC-A1B1-61A62EF507EA}.Release|Any CPU.ActiveCfg = Release|Any CPU
		{C0796FF5-652D-44EC-A1B1-61A62EF507EA}.Release|Any CPU.Build.0 = Release|Any CPU
		{C0796FF5-652D-44EC-A1B1-61A62EF507EA}.Release|Any CPU.Deploy.0 = Release|Any CPU
		{C0796FF5-652D-44EC-A1B1-61A62EF507EA}.Release|ARM.ActiveCfg = Release|Any CPU
		{C0796FF5-652D-44EC-A1B1-61A62EF507EA}.Release|ARM.Build.0 = Release|Any CPU
		{C0796FF5-652D-44EC-A1B1-61A62EF507EA}.Release|ARM.Deploy.0 = Release|Any CPU
		{C0796FF5-652D-44EC-A1B1-61A62EF507EA}.Release|iPhone.ActiveCfg = Release|Any CPU
		{C0796FF5-652D-44EC-A1B1-61A62EF507EA}.Release|iPhone.Build.0 = Release|Any CPU
		{C0796FF5-652D-44EC-A1B1-61A62EF507EA}.Release|iPhone.Deploy.0 = Release|Any CPU
		{C0796FF5-652D-44EC-A1B1-61A62EF507EA}.Release|iPhoneSimulator.ActiveCfg = Release|Any CPU
		{C0796FF5-652D-44EC-A1B1-61A62EF507EA}.Release|iPhoneSimulator.Build.0 = Release|Any CPU
		{C0796FF5-652D-44EC-A1B1-61A62EF507EA}.Release|iPhoneSimulator.Deploy.0 = Release|Any CPU
		{C0796FF5-652D-44EC-A1B1-61A62EF507EA}.Release|x64.ActiveCfg = Release|Any CPU
		{C0796FF5-652D-44EC-A1B1-61A62EF507EA}.Release|x64.Build.0 = Release|Any CPU
		{C0796FF5-652D-44EC-A1B1-61A62EF507EA}.Release|x64.Deploy.0 = Release|Any CPU
		{C0796FF5-652D-44EC-A1B1-61A62EF507EA}.Release|x86.ActiveCfg = Release|Any CPU
		{C0796FF5-652D-44EC-A1B1-61A62EF507EA}.Release|x86.Build.0 = Release|Any CPU
		{C0796FF5-652D-44EC-A1B1-61A62EF507EA}.Release|x86.Deploy.0 = Release|Any CPU
		{37C30F84-0F4A-48E1-A617-D3998710E6B5}.Ad-Hoc|Any CPU.ActiveCfg = Release|Any CPU
		{37C30F84-0F4A-48E1-A617-D3998710E6B5}.Ad-Hoc|Any CPU.Build.0 = Release|Any CPU
		{37C30F84-0F4A-48E1-A617-D3998710E6B5}.Ad-Hoc|ARM.ActiveCfg = Release|Any CPU
		{37C30F84-0F4A-48E1-A617-D3998710E6B5}.Ad-Hoc|ARM.Build.0 = Release|Any CPU
		{37C30F84-0F4A-48E1-A617-D3998710E6B5}.Ad-Hoc|iPhone.ActiveCfg = Release|Any CPU
		{37C30F84-0F4A-48E1-A617-D3998710E6B5}.Ad-Hoc|iPhone.Build.0 = Release|Any CPU
		{37C30F84-0F4A-48E1-A617-D3998710E6B5}.Ad-Hoc|iPhoneSimulator.ActiveCfg = Release|Any CPU
		{37C30F84-0F4A-48E1-A617-D3998710E6B5}.Ad-Hoc|iPhoneSimulator.Build.0 = Release|Any CPU
		{37C30F84-0F4A-48E1-A617-D3998710E6B5}.Ad-Hoc|x64.ActiveCfg = Release|Any CPU
		{37C30F84-0F4A-48E1-A617-D3998710E6B5}.Ad-Hoc|x64.Build.0 = Release|Any CPU
		{37C30F84-0F4A-48E1-A617-D3998710E6B5}.Ad-Hoc|x86.ActiveCfg = Release|Any CPU
		{37C30F84-0F4A-48E1-A617-D3998710E6B5}.Ad-Hoc|x86.Build.0 = Release|Any CPU
		{37C30F84-0F4A-48E1-A617-D3998710E6B5}.AppStore|Any CPU.ActiveCfg = Release|Any CPU
		{37C30F84-0F4A-48E1-A617-D3998710E6B5}.AppStore|Any CPU.Build.0 = Release|Any CPU
		{37C30F84-0F4A-48E1-A617-D3998710E6B5}.AppStore|ARM.ActiveCfg = Release|Any CPU
		{37C30F84-0F4A-48E1-A617-D3998710E6B5}.AppStore|ARM.Build.0 = Release|Any CPU
		{37C30F84-0F4A-48E1-A617-D3998710E6B5}.AppStore|iPhone.ActiveCfg = Release|Any CPU
		{37C30F84-0F4A-48E1-A617-D3998710E6B5}.AppStore|iPhone.Build.0 = Release|Any CPU
		{37C30F84-0F4A-48E1-A617-D3998710E6B5}.AppStore|iPhoneSimulator.ActiveCfg = Release|Any CPU
		{37C30F84-0F4A-48E1-A617-D3998710E6B5}.AppStore|iPhoneSimulator.Build.0 = Release|Any CPU
		{37C30F84-0F4A-48E1-A617-D3998710E6B5}.AppStore|x64.ActiveCfg = Release|Any CPU
		{37C30F84-0F4A-48E1-A617-D3998710E6B5}.AppStore|x64.Build.0 = Release|Any CPU
		{37C30F84-0F4A-48E1-A617-D3998710E6B5}.AppStore|x86.ActiveCfg = Release|Any CPU
		{37C30F84-0F4A-48E1-A617-D3998710E6B5}.AppStore|x86.Build.0 = Release|Any CPU
		{37C30F84-0F4A-48E1-A617-D3998710E6B5}.Debug|Any CPU.ActiveCfg = Debug|Any CPU
		{37C30F84-0F4A-48E1-A617-D3998710E6B5}.Debug|Any CPU.Build.0 = Debug|Any CPU
		{37C30F84-0F4A-48E1-A617-D3998710E6B5}.Debug|ARM.ActiveCfg = Debug|Any CPU
		{37C30F84-0F4A-48E1-A617-D3998710E6B5}.Debug|ARM.Build.0 = Debug|Any CPU
		{37C30F84-0F4A-48E1-A617-D3998710E6B5}.Debug|iPhone.ActiveCfg = Debug|Any CPU
		{37C30F84-0F4A-48E1-A617-D3998710E6B5}.Debug|iPhone.Build.0 = Debug|Any CPU
		{37C30F84-0F4A-48E1-A617-D3998710E6B5}.Debug|iPhoneSimulator.ActiveCfg = Debug|Any CPU
		{37C30F84-0F4A-48E1-A617-D3998710E6B5}.Debug|iPhoneSimulator.Build.0 = Debug|Any CPU
		{37C30F84-0F4A-48E1-A617-D3998710E6B5}.Debug|x64.ActiveCfg = Debug|Any CPU
		{37C30F84-0F4A-48E1-A617-D3998710E6B5}.Debug|x64.Build.0 = Debug|Any CPU
		{37C30F84-0F4A-48E1-A617-D3998710E6B5}.Debug|x86.ActiveCfg = Debug|Any CPU
		{37C30F84-0F4A-48E1-A617-D3998710E6B5}.Debug|x86.Build.0 = Debug|Any CPU
		{37C30F84-0F4A-48E1-A617-D3998710E6B5}.Release|Any CPU.ActiveCfg = Release|Any CPU
		{37C30F84-0F4A-48E1-A617-D3998710E6B5}.Release|Any CPU.Build.0 = Release|Any CPU
		{37C30F84-0F4A-48E1-A617-D3998710E6B5}.Release|ARM.ActiveCfg = Release|Any CPU
		{37C30F84-0F4A-48E1-A617-D3998710E6B5}.Release|ARM.Build.0 = Release|Any CPU
		{37C30F84-0F4A-48E1-A617-D3998710E6B5}.Release|iPhone.ActiveCfg = Release|Any CPU
		{37C30F84-0F4A-48E1-A617-D3998710E6B5}.Release|iPhone.Build.0 = Release|Any CPU
		{37C30F84-0F4A-48E1-A617-D3998710E6B5}.Release|iPhoneSimulator.ActiveCfg = Release|Any CPU
		{37C30F84-0F4A-48E1-A617-D3998710E6B5}.Release|iPhoneSimulator.Build.0 = Release|Any CPU
		{37C30F84-0F4A-48E1-A617-D3998710E6B5}.Release|x64.ActiveCfg = Release|Any CPU
		{37C30F84-0F4A-48E1-A617-D3998710E6B5}.Release|x64.Build.0 = Release|Any CPU
		{37C30F84-0F4A-48E1-A617-D3998710E6B5}.Release|x86.ActiveCfg = Release|Any CPU
		{37C30F84-0F4A-48E1-A617-D3998710E6B5}.Release|x86.Build.0 = Release|Any CPU
		{C87135D0-6BB2-4343-87B5-40C044A1D487}.Ad-Hoc|Any CPU.ActiveCfg = Release|x86
		{C87135D0-6BB2-4343-87B5-40C044A1D487}.Ad-Hoc|Any CPU.Build.0 = Release|x86
		{C87135D0-6BB2-4343-87B5-40C044A1D487}.Ad-Hoc|Any CPU.Deploy.0 = Release|x86
		{C87135D0-6BB2-4343-87B5-40C044A1D487}.Ad-Hoc|ARM.ActiveCfg = Release|ARM
		{C87135D0-6BB2-4343-87B5-40C044A1D487}.Ad-Hoc|ARM.Build.0 = Release|ARM
		{C87135D0-6BB2-4343-87B5-40C044A1D487}.Ad-Hoc|ARM.Deploy.0 = Release|ARM
		{C87135D0-6BB2-4343-87B5-40C044A1D487}.Ad-Hoc|iPhone.ActiveCfg = Release|x86
		{C87135D0-6BB2-4343-87B5-40C044A1D487}.Ad-Hoc|iPhone.Build.0 = Release|x86
		{C87135D0-6BB2-4343-87B5-40C044A1D487}.Ad-Hoc|iPhone.Deploy.0 = Release|x86
		{C87135D0-6BB2-4343-87B5-40C044A1D487}.Ad-Hoc|iPhoneSimulator.ActiveCfg = Release|x86
		{C87135D0-6BB2-4343-87B5-40C044A1D487}.Ad-Hoc|iPhoneSimulator.Build.0 = Release|x86
		{C87135D0-6BB2-4343-87B5-40C044A1D487}.Ad-Hoc|iPhoneSimulator.Deploy.0 = Release|x86
		{C87135D0-6BB2-4343-87B5-40C044A1D487}.Ad-Hoc|x64.ActiveCfg = Release|x64
		{C87135D0-6BB2-4343-87B5-40C044A1D487}.Ad-Hoc|x64.Build.0 = Release|x64
		{C87135D0-6BB2-4343-87B5-40C044A1D487}.Ad-Hoc|x64.Deploy.0 = Release|x64
		{C87135D0-6BB2-4343-87B5-40C044A1D487}.Ad-Hoc|x86.ActiveCfg = Release|x86
		{C87135D0-6BB2-4343-87B5-40C044A1D487}.Ad-Hoc|x86.Build.0 = Release|x86
		{C87135D0-6BB2-4343-87B5-40C044A1D487}.Ad-Hoc|x86.Deploy.0 = Release|x86
		{C87135D0-6BB2-4343-87B5-40C044A1D487}.AppStore|Any CPU.ActiveCfg = Release|x86
		{C87135D0-6BB2-4343-87B5-40C044A1D487}.AppStore|Any CPU.Build.0 = Release|x86
		{C87135D0-6BB2-4343-87B5-40C044A1D487}.AppStore|Any CPU.Deploy.0 = Release|x86
		{C87135D0-6BB2-4343-87B5-40C044A1D487}.AppStore|ARM.ActiveCfg = Release|ARM
		{C87135D0-6BB2-4343-87B5-40C044A1D487}.AppStore|ARM.Build.0 = Release|ARM
		{C87135D0-6BB2-4343-87B5-40C044A1D487}.AppStore|ARM.Deploy.0 = Release|ARM
		{C87135D0-6BB2-4343-87B5-40C044A1D487}.AppStore|iPhone.ActiveCfg = Release|x86
		{C87135D0-6BB2-4343-87B5-40C044A1D487}.AppStore|iPhone.Build.0 = Release|x86
		{C87135D0-6BB2-4343-87B5-40C044A1D487}.AppStore|iPhone.Deploy.0 = Release|x86
		{C87135D0-6BB2-4343-87B5-40C044A1D487}.AppStore|iPhoneSimulator.ActiveCfg = Release|x86
		{C87135D0-6BB2-4343-87B5-40C044A1D487}.AppStore|iPhoneSimulator.Build.0 = Release|x86
		{C87135D0-6BB2-4343-87B5-40C044A1D487}.AppStore|iPhoneSimulator.Deploy.0 = Release|x86
		{C87135D0-6BB2-4343-87B5-40C044A1D487}.AppStore|x64.ActiveCfg = Release|x64
		{C87135D0-6BB2-4343-87B5-40C044A1D487}.AppStore|x64.Build.0 = Release|x64
		{C87135D0-6BB2-4343-87B5-40C044A1D487}.AppStore|x64.Deploy.0 = Release|x64
		{C87135D0-6BB2-4343-87B5-40C044A1D487}.AppStore|x86.ActiveCfg = Release|x86
		{C87135D0-6BB2-4343-87B5-40C044A1D487}.AppStore|x86.Build.0 = Release|x86
		{C87135D0-6BB2-4343-87B5-40C044A1D487}.AppStore|x86.Deploy.0 = Release|x86
		{C87135D0-6BB2-4343-87B5-40C044A1D487}.Debug|Any CPU.ActiveCfg = Debug|x86
		{C87135D0-6BB2-4343-87B5-40C044A1D487}.Debug|ARM.ActiveCfg = Debug|ARM
		{C87135D0-6BB2-4343-87B5-40C044A1D487}.Debug|ARM.Build.0 = Debug|ARM
		{C87135D0-6BB2-4343-87B5-40C044A1D487}.Debug|ARM.Deploy.0 = Debug|ARM
		{C87135D0-6BB2-4343-87B5-40C044A1D487}.Debug|iPhone.ActiveCfg = Debug|x86
		{C87135D0-6BB2-4343-87B5-40C044A1D487}.Debug|iPhoneSimulator.ActiveCfg = Debug|x86
		{C87135D0-6BB2-4343-87B5-40C044A1D487}.Debug|x64.ActiveCfg = Debug|x64
		{C87135D0-6BB2-4343-87B5-40C044A1D487}.Debug|x64.Build.0 = Debug|x64
		{C87135D0-6BB2-4343-87B5-40C044A1D487}.Debug|x64.Deploy.0 = Debug|x64
		{C87135D0-6BB2-4343-87B5-40C044A1D487}.Debug|x86.ActiveCfg = Debug|x86
		{C87135D0-6BB2-4343-87B5-40C044A1D487}.Debug|x86.Build.0 = Debug|x86
		{C87135D0-6BB2-4343-87B5-40C044A1D487}.Debug|x86.Deploy.0 = Debug|x86
		{C87135D0-6BB2-4343-87B5-40C044A1D487}.Release|Any CPU.ActiveCfg = Release|x86
		{C87135D0-6BB2-4343-87B5-40C044A1D487}.Release|ARM.ActiveCfg = Release|ARM
		{C87135D0-6BB2-4343-87B5-40C044A1D487}.Release|ARM.Build.0 = Release|ARM
		{C87135D0-6BB2-4343-87B5-40C044A1D487}.Release|ARM.Deploy.0 = Release|ARM
		{C87135D0-6BB2-4343-87B5-40C044A1D487}.Release|iPhone.ActiveCfg = Release|x86
		{C87135D0-6BB2-4343-87B5-40C044A1D487}.Release|iPhoneSimulator.ActiveCfg = Release|x86
		{C87135D0-6BB2-4343-87B5-40C044A1D487}.Release|x64.ActiveCfg = Release|x64
		{C87135D0-6BB2-4343-87B5-40C044A1D487}.Release|x64.Build.0 = Release|x64
		{C87135D0-6BB2-4343-87B5-40C044A1D487}.Release|x64.Deploy.0 = Release|x64
		{C87135D0-6BB2-4343-87B5-40C044A1D487}.Release|x86.ActiveCfg = Release|x86
		{C87135D0-6BB2-4343-87B5-40C044A1D487}.Release|x86.Build.0 = Release|x86
		{C87135D0-6BB2-4343-87B5-40C044A1D487}.Release|x86.Deploy.0 = Release|x86
		{A7BADEF9-44CF-494B-81E8-B0FF88863C99}.Ad-Hoc|Any CPU.ActiveCfg = Ad-Hoc|iPhone
		{A7BADEF9-44CF-494B-81E8-B0FF88863C99}.Ad-Hoc|ARM.ActiveCfg = Ad-Hoc|iPhone
		{A7BADEF9-44CF-494B-81E8-B0FF88863C99}.Ad-Hoc|iPhone.ActiveCfg = Ad-Hoc|iPhone
		{A7BADEF9-44CF-494B-81E8-B0FF88863C99}.Ad-Hoc|iPhone.Build.0 = Ad-Hoc|iPhone
		{A7BADEF9-44CF-494B-81E8-B0FF88863C99}.Ad-Hoc|iPhoneSimulator.ActiveCfg = Ad-Hoc|iPhoneSimulator
		{A7BADEF9-44CF-494B-81E8-B0FF88863C99}.Ad-Hoc|iPhoneSimulator.Build.0 = Ad-Hoc|iPhoneSimulator
		{A7BADEF9-44CF-494B-81E8-B0FF88863C99}.Ad-Hoc|x64.ActiveCfg = Ad-Hoc|iPhone
		{A7BADEF9-44CF-494B-81E8-B0FF88863C99}.Ad-Hoc|x86.ActiveCfg = Ad-Hoc|iPhone
		{A7BADEF9-44CF-494B-81E8-B0FF88863C99}.AppStore|Any CPU.ActiveCfg = AppStore|iPhone
		{A7BADEF9-44CF-494B-81E8-B0FF88863C99}.AppStore|ARM.ActiveCfg = AppStore|iPhone
		{A7BADEF9-44CF-494B-81E8-B0FF88863C99}.AppStore|iPhone.ActiveCfg = AppStore|iPhone
		{A7BADEF9-44CF-494B-81E8-B0FF88863C99}.AppStore|iPhone.Build.0 = AppStore|iPhone
		{A7BADEF9-44CF-494B-81E8-B0FF88863C99}.AppStore|iPhoneSimulator.ActiveCfg = AppStore|iPhoneSimulator
		{A7BADEF9-44CF-494B-81E8-B0FF88863C99}.AppStore|iPhoneSimulator.Build.0 = AppStore|iPhoneSimulator
		{A7BADEF9-44CF-494B-81E8-B0FF88863C99}.AppStore|x64.ActiveCfg = AppStore|iPhone
		{A7BADEF9-44CF-494B-81E8-B0FF88863C99}.AppStore|x86.ActiveCfg = AppStore|iPhone
		{A7BADEF9-44CF-494B-81E8-B0FF88863C99}.Debug|Any CPU.ActiveCfg = Debug|iPhone
		{A7BADEF9-44CF-494B-81E8-B0FF88863C99}.Debug|ARM.ActiveCfg = Debug|iPhone
		{A7BADEF9-44CF-494B-81E8-B0FF88863C99}.Debug|iPhone.ActiveCfg = Debug|iPhone
		{A7BADEF9-44CF-494B-81E8-B0FF88863C99}.Debug|iPhone.Build.0 = Debug|iPhone
		{A7BADEF9-44CF-494B-81E8-B0FF88863C99}.Debug|iPhoneSimulator.ActiveCfg = Debug|iPhoneSimulator
		{A7BADEF9-44CF-494B-81E8-B0FF88863C99}.Debug|iPhoneSimulator.Build.0 = Debug|iPhoneSimulator
		{A7BADEF9-44CF-494B-81E8-B0FF88863C99}.Debug|x64.ActiveCfg = Debug|iPhone
		{A7BADEF9-44CF-494B-81E8-B0FF88863C99}.Debug|x86.ActiveCfg = Debug|iPhone
		{A7BADEF9-44CF-494B-81E8-B0FF88863C99}.Release|Any CPU.ActiveCfg = Release|iPhone
		{A7BADEF9-44CF-494B-81E8-B0FF88863C99}.Release|ARM.ActiveCfg = Release|iPhone
		{A7BADEF9-44CF-494B-81E8-B0FF88863C99}.Release|iPhone.ActiveCfg = Release|iPhone
		{A7BADEF9-44CF-494B-81E8-B0FF88863C99}.Release|iPhone.Build.0 = Release|iPhone
		{A7BADEF9-44CF-494B-81E8-B0FF88863C99}.Release|iPhoneSimulator.ActiveCfg = Release|iPhoneSimulator
		{A7BADEF9-44CF-494B-81E8-B0FF88863C99}.Release|iPhoneSimulator.Build.0 = Release|iPhoneSimulator
		{A7BADEF9-44CF-494B-81E8-B0FF88863C99}.Release|x64.ActiveCfg = Release|iPhone
		{A7BADEF9-44CF-494B-81E8-B0FF88863C99}.Release|x86.ActiveCfg = Release|iPhone
	EndGlobalSection
	GlobalSection(SolutionProperties) = preSolution
		HideSolutionNode = FALSE
	EndGlobalSection
	GlobalSection(ExtensibilityGlobals) = postSolution
		SolutionGuid = {768ED010-7281-4EDC-8EB2-40520BC17B78}
	EndGlobalSection
EndGlobal
